[[package]]
name = "aiohttp"
version = "3.5.4"
description = "Async http client/server framework (asyncio)"
category = "main"
optional = false
python-versions = ">=3.5.3"

[package.dependencies]
async-timeout = ">=3.0,<4.0"
attrs = ">=17.3.0"
chardet = ">=2.0,<4.0"
idna-ssl = {version = ">=1.0", markers = "python_version < \"3.7\""}
multidict = ">=4.0,<5.0"
typing-extensions = {version = ">=3.6.5", markers = "python_version < \"3.7\""}
yarl = ">=1.0,<2.0"

[package.extras]
speedups = ["aiodns", "brotlipy", "cchardet"]

[[package]]
name = "aioredis"
version = "1.2.0"
description = "asyncio (PEP 3156) Redis support"
category = "main"
optional = false
python-versions = "*"

[package.dependencies]
async-timeout = "*"
hiredis = "*"

[[package]]
name = "appdirs"
version = "1.4.3"
description = "A small Python module for determining appropriate platform-specific dirs, e.g. a \"user data dir\"."
category = "dev"
optional = false
python-versions = "*"

[[package]]
name = "asphalt"
version = "4.5.0"
description = "A microframework for network oriented applications"
category = "main"
optional = false
python-versions = ">=3.5.2"
develop = true

[package.dependencies]
async-generator = ">=1.4,<2.0"
async_timeout = ">=2.0"
asyncio_extras = ">=1.3,<2.0"
click = ">=6.6"
"ruamel.yaml" = ">=0.12"
typeguard = ">=2.0,<3.0"

[package.source]
type = "git"
url = "https://github.com/asphalt-framework/asphalt.git"
reference = "4114b3ac9743cbd9facb374a3f53e19d3afef22d"

[[package]]
name = "asphalt-redis"
version = "2.1.1"
description = "edis integration component for the Asphalt framework"
category = "main"
optional = false
python-versions = "*"

[package.dependencies]
aioredis = ">=1.0"
asphalt = ">=3.0,<5.0"
typeguard = ">=2.0,<3.0"

[package.extras]
doc = ["Sphinx (>=1.5)", "sphinx-rtd-theme", "sphinx-autodoc-typehints (>=1.0.5)", "sphinxcontrib-asyncio (>=0.2.0)"]
test = ["pytest", "pytest-cov", "pytest-asyncio (>=0.5.0)"]

[[package]]
name = "async-generator"
version = "1.10"
description = "Async generators and context managers for Python 3.5+"
category = "main"
optional = false
python-versions = ">=3.5"

[[package]]
name = "async-timeout"
version = "3.0.1"
description = "Timeout context manager for asyncio programs"
category = "main"
optional = false
python-versions = ">=3.5.3"

[[package]]
name = "asyncio-extras"
version = "1.3.2"
description = "Asynchronous generators, context managers and more for asyncio"
category = "main"
optional = false
python-versions = "*"

[package.dependencies]
async-generator = ">=1.3"

[package.extras]
doc = ["sphinx-autodoc-typehints"]
test = ["pytest", "pytest-asyncio", "pytest-cov"]

[[package]]
name = "attrs"
version = "19.1.0"
description = "Classes Without Boilerplate"
category = "main"
optional = false
python-versions = ">=2.7, !=3.0.*, !=3.1.*, !=3.2.*, !=3.3.*"

[package.extras]
dev = ["coverage", "hypothesis", "pympler", "pytest", "six", "zope.interface", "sphinx", "pre-commit"]
docs = ["sphinx", "zope.interface"]
tests = ["coverage", "hypothesis", "pympler", "pytest", "six", "zope.interface"]

[[package]]
name = "black"
version = "19.3b0"
description = "The uncompromising code formatter."
category = "dev"
optional = false
python-versions = ">=3.6"

[package.dependencies]
appdirs = "*"
attrs = ">=18.1.0"
click = ">=6.5"
toml = ">=0.9.4"

[package.extras]
d = ["aiohttp (>=3.3.2)", "aiohttp-cors"]

[[package]]
name = "chardet"
version = "3.0.4"
description = "Universal encoding detector for Python 2 and 3"
category = "main"
optional = false
python-versions = "*"

[[package]]
name = "click"
version = "7.0"
description = "Composable command line interface toolkit"
category = "main"
optional = false
python-versions = ">=2.7, !=3.0.*, !=3.1.*, !=3.2.*, !=3.3.*"

[[package]]
name = "h2"
version = "3.0.1"
description = "HTTP/2 State-Machine based protocol implementation"
category = "main"
optional = false
python-versions = "*"

[package.dependencies]
hpack = ">=2.3,<4"
hyperframe = ">=5.0,<6"

[[package]]
name = "hiredis"
version = "1.0.0"
description = "Python wrapper for hiredis"
category = "main"
optional = false
python-versions = ">=2.7, !=3.0.*, !=3.1.*, !=3.2.*, !=3.3.*"

[[package]]
name = "hpack"
version = "3.0.0"
description = "Pure-Python HPACK header compression"
category = "main"
optional = false
python-versions = "*"

[[package]]
name = "html5-parser"
version = "0.3.3"
description = "Fast C based HTML 5 parsing for python"
category = "main"
optional = false
python-versions = "*"

[package.dependencies]
chardet = "*"
lxml = ">=3.8.0"

[package.extras]
soup = ["beautifulsoup4"]

[[package]]
name = "httptools"
version = "0.0.13"
description = "A collection of framework independent HTTP protocol utils."
category = "main"
optional = false
python-versions = "*"

[[package]]
name = "hyperframe"
version = "5.2.0"
description = "HTTP/2 framing layer for Python"
category = "main"
optional = false
python-versions = "*"

[[package]]
name = "idna"
version = "2.8"
description = "Internationalized Domain Names in Applications (IDNA)"
category = "main"
optional = false
python-versions = ">=2.7, !=3.0.*, !=3.1.*, !=3.2.*, !=3.3.*"

[[package]]
name = "idna-ssl"
version = "1.1.0"
description = "Patch ssl.match_hostname for Unicode(idna) domains support"
category = "main"
optional = false
python-versions = "*"

[package.dependencies]
idna = ">=2.0"

[[package]]
name = "Kyoukai"
version = "2.2.1.post1"
description = "A fast, asynchronous web framework for Python 3.5+"
category = "main"
optional = false
python-versions = "*"
develop = false

[package.dependencies]
asphalt = ">=2.1.1,<3.0.0 || >3.0.0"
h2 = ">=3.0.0,<3.1.0"
httptools = ">=0.0.9,<0.1.0"
werkzeug = ">=0.12.0,<0.13.0"

[package.extras]
gunicorn = ["aiohttp (>=2.2.0,<2.3.0)", "gunicorn (>=19.6.0)"]
uwsgi = ["greenlet (>=0.4.0)"]

[package.source]
type = "git"
url = "https://github.com/Fuyukai/kyoukai.git"
reference = "master"
resolved_reference = "44d47f4b0ece1c509fc5116275982df63ca09438"

[[package]]
name = "lxml"
version = "4.9.1"
description = "Powerful and Pythonic XML processing library combining libxml2/libxslt with the ElementTree API."
category = "main"
optional = false
python-versions = ">=2.7, !=3.0.*, !=3.1.*, !=3.2.*, !=3.3.*, != 3.4.*"

[package.extras]
cssselect = ["cssselect (>=0.7)"]
html5 = ["html5lib"]
htmlsoup = ["beautifulsoup4"]
source = ["Cython (>=0.29.7)"]

[[package]]
name = "multidict"
version = "4.5.2"
description = "multidict implementation"
category = "main"
optional = false
python-versions = ">=3.4.1"

[[package]]
name = "ruamel.yaml"
version = "0.16.5"
description = "ruamel.yaml is a YAML parser/emitter that supports roundtrip preservation of comments, seq/map flow style, and map key order"
category = "main"
optional = false
python-versions = "*"

[package.dependencies]
"ruamel.yaml.clib" = {version = ">=0.1.2", markers = "platform_python_implementation == \"CPython\" and python_version < \"3.8\""}

[package.extras]
docs = ["ryd"]
jinja2 = ["ruamel.yaml.jinja2 (>=0.2)"]

[[package]]
name = "ruamel.yaml.clib"
version = "0.1.2"
description = "C version of reader, parser and emitter for ruamel.yaml derived from libyaml"
category = "main"
optional = false
python-versions = "*"

[[package]]
name = "toml"
version = "0.10.0"
description = "Python Library for Tom's Obvious, Minimal Language"
category = "dev"
optional = false
python-versions = "*"

[[package]]
name = "typeguard"
version = "2.4.1"
description = "Run-time type checker for Python"
category = "main"
optional = false
python-versions = ">= 3.5.2"

[package.extras]
test = ["pytest", "pytest-cov", "typing-extensions"]

[[package]]
name = "typing"
version = "3.7.4.1"
description = "Type Hints for Python"
category = "main"
optional = false
python-versions = "*"

[[package]]
name = "typing-extensions"
version = "3.7.4"
description = "Backported and Experimental Type Hints for Python 3.5+"
category = "main"
optional = false
python-versions = "*"

[package.dependencies]
typing = ">=3.7.4"

[[package]]
name = "unidecode"
version = "0.04.19"
description = "ASCII transliterations of Unicode text"
category = "main"
optional = false
python-versions = "*"

[[package]]
name = "uvloop"
version = "0.9.1"
description = "Fast implementation of asyncio event loop on top of libuv"
category = "main"
optional = false
python-versions = "*"

[[package]]
name = "werkzeug"
version = "0.12.2"
description = "The Swiss Army knife of Python web development"
category = "main"
optional = false
python-versions = "*"

[package.extras]
termcolor = ["termcolor"]
watchdog = ["watchdog"]

[[package]]
name = "yarl"
version = "1.1.1"
description = "Yet another URL library"
category = "main"
optional = false
python-versions = "*"

[package.dependencies]
idna = ">=2.0"
multidict = ">=4.0"

[metadata]
lock-version = "1.1"
python-versions = ">=3.6"
content-hash = "345b3b46f85b4d98b325ee3dd4cbf65e71b438815ae9d052d12bb425b394d541"

[metadata.files]
aiohttp = [
    {file = "aiohttp-3.5.4-cp35-cp35m-macosx_10_10_x86_64.whl", hash = "sha256:199f1d106e2b44b6dacdf6f9245493c7d716b01d0b7fbe1959318ba4dc64d1f5"},
    {file = "aiohttp-3.5.4-cp35-cp35m-macosx_10_11_x86_64.whl", hash = "sha256:0155af66de8c21b8dba4992aaeeabf55503caefae00067a3b1139f86d0ec50ed"},
    {file = "aiohttp-3.5.4-cp35-cp35m-macosx_10_13_x86_64.whl", hash = "sha256:cc619d974c8c11fe84527e4b5e1c07238799a8c29ea1c1285149170524ba9303"},
    {file = "aiohttp-3.5.4-cp35-cp35m-manylinux1_i686.whl", hash = "sha256:09654a9eca62d1bd6d64aa44db2498f60a5c1e0ac4750953fdd79d5c88955e10"},
    {file = "aiohttp-3.5.4-cp35-cp35m-manylinux1_x86_64.whl", hash = "sha256:629102a193162e37102c50713e2e31dc9a2fe7ac5e481da83e5bb3c0cee700aa"},
    {file = "aiohttp-3.5.4-cp35-cp35m-win32.whl", hash = "sha256:acc89b29b5f4e2332d65cd1b7d10c609a75b88ef8925d487a611ca788432dfa4"},
    {file = "aiohttp-3.5.4-cp35-cp35m-win_amd64.whl", hash = "sha256:a25237abf327530d9561ef751eef9511ab56fd9431023ca6f4803f1994104d72"},
    {file = "aiohttp-3.5.4-cp36-cp36m-macosx_10_10_x86_64.whl", hash = "sha256:87331d1d6810214085a50749160196391a712a13336cd02ce1c3ea3d05bcf8d5"},
    {file = "aiohttp-3.5.4-cp36-cp36m-macosx_10_11_x86_64.whl", hash = "sha256:a5cbd7157b0e383738b8e29d6e556fde8726823dae0e348952a61742b21aeb12"},
    {file = "aiohttp-3.5.4-cp36-cp36m-macosx_10_13_x86_64.whl", hash = "sha256:9cddaff94c0135ee627213ac6ca6d05724bfe6e7a356e5e09ec57bd3249510f6"},
    {file = "aiohttp-3.5.4-cp36-cp36m-manylinux1_i686.whl", hash = "sha256:d4392defd4648badaa42b3e101080ae3313e8f4787cb517efd3f5b8157eaefd6"},
    {file = "aiohttp-3.5.4-cp36-cp36m-manylinux1_x86_64.whl", hash = "sha256:c2bec436a2b5dafe5eaeb297c03711074d46b6eb236d002c13c42f25c4a8ce9d"},
    {file = "aiohttp-3.5.4-cp36-cp36m-win32.whl", hash = "sha256:296f30dedc9f4b9e7a301e5cc963012264112d78a1d3094cd83ef148fdf33ca1"},
    {file = "aiohttp-3.5.4-cp36-cp36m-win_amd64.whl", hash = "sha256:9a02a04bbe581c8605ac423ba3a74999ec9d8bce7ae37977a3d38680f5780b6d"},
    {file = "aiohttp-3.5.4-cp37-cp37m-macosx_10_10_x86_64.whl", hash = "sha256:b05bd85cc99b06740aad3629c2585bda7b83bd86e080b44ba47faf905fdf1300"},
    {file = "aiohttp-3.5.4-cp37-cp37m-macosx_10_11_x86_64.whl", hash = "sha256:40d7ea570b88db017c51392349cf99b7aefaaddd19d2c78368aeb0bddde9d390"},
    {file = "aiohttp-3.5.4-cp37-cp37m-macosx_10_13_x86_64.whl", hash = "sha256:a97a516e02b726e089cffcde2eea0d3258450389bbac48cbe89e0f0b6e7b0366"},
    {file = "aiohttp-3.5.4-cp37-cp37m-manylinux1_i686.whl", hash = "sha256:e1c3c582ee11af7f63a34a46f0448fca58e59889396ffdae1f482085061a2889"},
    {file = "aiohttp-3.5.4-cp37-cp37m-manylinux1_x86_64.whl", hash = "sha256:00d198585474299c9c3b4f1d5de1a576cc230d562abc5e4a0e81d71a20a6ca55"},
    {file = "aiohttp-3.5.4-cp37-cp37m-win32.whl", hash = "sha256:6d5ec9b8948c3d957e75ea14d41e9330e1ac3fed24ec53766c780f82805140dc"},
    {file = "aiohttp-3.5.4-cp37-cp37m-win_amd64.whl", hash = "sha256:368ed312550bd663ce84dc4b032a962fcb3c7cae099dbbd48663afc305e3b939"},
    {file = "aiohttp-3.5.4.tar.gz", hash = "sha256:9c4c83f4fa1938377da32bc2d59379025ceeee8e24b89f72fcbccd8ca22dc9bf"},
]
aioredis = [
    {file = "aioredis-1.2.0-py3-none-any.whl", hash = "sha256:aee16aa5cb3f636cf8fa0e2b62d2f6abc90366e19b5c30e94a5471d834a55975"},
    {file = "aioredis-1.2.0.tar.gz", hash = "sha256:84d62be729beb87118cf126c20b0e3f52d7a42bb7373dc5bcdd874f26f1f251a"},
]
appdirs = [
    {file = "appdirs-1.4.3-py2.py3-none-any.whl", hash = "sha256:d8b24664561d0d34ddfaec54636d502d7cea6e29c3eaf68f3df6180863e2166e"},
    {file = "appdirs-1.4.3.tar.gz", hash = "sha256:9e5896d1372858f8dd3344faf4e5014d21849c756c8d5701f78f8a103b372d92"},
]
asphalt = []
asphalt-redis = [
    {file = "asphalt-redis-2.1.1.tar.gz", hash = "sha256:7bbced16df0c0561706c20407dcbc765133fa25c842e58b3c28dc021fddd494c"},
    {file = "asphalt_redis-2.1.1-py3-none-any.whl", hash = "sha256:99363f0673429b77f6118bfe532c4d95a6fdbc1d6c0919810d63c32d2a27cf90"},
]
async-generator = [
    {file = "async_generator-1.10-py3-none-any.whl", hash = "sha256:01c7bf666359b4967d2cda0000cc2e4af16a0ae098cbffcb8472fb9e8ad6585b"},
    {file = "async_generator-1.10.tar.gz", hash = "sha256:6ebb3d106c12920aaae42ccb6f787ef5eefdcdd166ea3d628fa8476abe712144"},
]
async-timeout = [
    {file = "async-timeout-3.0.1.tar.gz", hash = "sha256:0c3c816a028d47f659d6ff5c745cb2acf1f966da1fe5c19c77a70282b25f4c5f"},
    {file = "async_timeout-3.0.1-py3-none-any.whl", hash = "sha256:4291ca197d287d274d0b6cb5d6f8f8f82d434ed288f962539ff18cc9012f9ea3"},
]
asyncio-extras = [
    {file = "asyncio_extras-1.3.2-py3-none-any.whl", hash = "sha256:839568ba07c3470c9aa2c441aa2417c108f7d3755862bc2bd39d69b524303993"},
    {file = "asyncio_extras-1.3.2.tar.gz", hash = "sha256:084b62bebc19c6ba106d438a274bbb5566941c469128cd4af1a85f00a2c81f8d"},
]
attrs = [
    {file = "attrs-19.1.0-py2.py3-none-any.whl", hash = "sha256:69c0dbf2ed392de1cb5ec704444b08a5ef81680a61cb899dc08127123af36a79"},
    {file = "attrs-19.1.0.tar.gz", hash = "sha256:f0b870f674851ecbfbbbd364d6b5cbdff9dcedbc7f3f5e18a6891057f21fe399"},
]
black = [
    {file = "black-19.3b0-py36-none-any.whl", hash = "sha256:09a9dcb7c46ed496a9850b76e4e825d6049ecd38b611f1224857a79bd985a8cf"},
    {file = "black-19.3b0.tar.gz", hash = "sha256:68950ffd4d9169716bcb8719a56c07a2f4485354fec061cdd5910aa07369731c"},
]
chardet = [
    {file = "chardet-3.0.4-py2.py3-none-any.whl", hash = "sha256:fc323ffcaeaed0e0a02bf4d117757b98aed530d9ed4531e3e15460124c106691"},
    {file = "chardet-3.0.4.tar.gz", hash = "sha256:84ab92ed1c4d4f16916e05906b6b75a6c0fb5db821cc65e70cbd64a3e2a5eaae"},
]
click = [
    {file = "Click-7.0-py2.py3-none-any.whl", hash = "sha256:2335065e6395b9e67ca716de5f7526736bfa6ceead690adf616d925bdc622b13"},
    {file = "Click-7.0.tar.gz", hash = "sha256:5b94b49521f6456670fdb30cd82a4eca9412788a93fa6dd6df72c94d5a8ff2d7"},
]
h2 = [
    {file = "h2-3.0.1-py2.py3-none-any.whl", hash = "sha256:4be613e35caad5680dc48f98f3bf4e7338c7c429e6375a5137be7fbe45219981"},
    {file = "h2-3.0.1.tar.gz", hash = "sha256:b2962f883fa392a23cbfcc4ad03c335bcc661be0cf9627657b589f0df2206e64"},
]
hiredis = [
    {file = "hiredis-1.0.0-cp27-cp27m-macosx_10_6_intel.whl", hash = "sha256:66f17c1633b2fb967bf4165f7b3d369a1bdfe3537d3646cf9a7c208506c96c49"},
    {file = "hiredis-1.0.0-cp27-cp27m-manylinux1_i686.whl", hash = "sha256:20e48289fbffb59a5ac7cc677fc02c2726c1da22488e5f7636b9feb9afde199f"},
    {file = "hiredis-1.0.0-cp27-cp27m-manylinux1_x86_64.whl", hash = "sha256:36bfcc86715d109a5ef6edefd52b893de97d555cb5cb0e9cab83eb9665942ccc"},
    {file = "hiredis-1.0.0-cp27-cp27m-win32.whl", hash = "sha256:26bed296b92b88db02afe214aa1fefad7f9e8ba88a5a7c0e355b55c4b168d212"},
    {file = "hiredis-1.0.0-cp27-cp27m-win_amd64.whl", hash = "sha256:321b19d2a21fd576111032fe7694d317de2c11b265ef775f2e3f22734a6b94c8"},
    {file = "hiredis-1.0.0-cp27-cp27mu-manylinux1_i686.whl", hash = "sha256:0124911115f2cb7deb4f8e221e109a53d3d718174b238a2c5e2162175a3929a5"},
    {file = "hiredis-1.0.0-cp27-cp27mu-manylinux1_x86_64.whl", hash = "sha256:fcdf2e10f56113e1cb4326dbca7bf7edbfdbd246cd6d7ec088688e5439129e2c"},
    {file = "hiredis-1.0.0-cp34-cp34m-macosx_10_6_intel.whl", hash = "sha256:12fc6210f8dc3e9c8ce4b95e8f5db404b838dbdeb25bca41e33497de6d89334f"},
    {file = "hiredis-1.0.0-cp34-cp34m-manylinux1_i686.whl", hash = "sha256:bd12c2774b574f5b209196e25b03b5d62c7919bf69046bc7b955ebe84e0ec1fe"},
    {file = "hiredis-1.0.0-cp34-cp34m-manylinux1_x86_64.whl", hash = "sha256:438ddfd1484e98110959dc4648c0ba22c3307c9c0ae7e2a856755067f9ce9cef"},
    {file = "hiredis-1.0.0-cp34-cp34m-win32.whl", hash = "sha256:12299b7026e5dc22ed0ff603375c1bf583cf59adbb0e4d062df434e9140d72dd"},
    {file = "hiredis-1.0.0-cp34-cp34m-win_amd64.whl", hash = "sha256:c54d2b3d7a2206df35f3c1140ac20ca6faf7819ff92ea5be8bf4d1cbdb433216"},
    {file = "hiredis-1.0.0-cp35-cp35m-macosx_10_6_intel.whl", hash = "sha256:b1fd831f96ce0f715e9356574f5184b840b59eb8901fc5f9124fedbe84ad2a59"},
    {file = "hiredis-1.0.0-cp35-cp35m-manylinux1_i686.whl", hash = "sha256:b3813c641494fca2eda66c32a2117816472a5a39b12f59f7887c6d17bdb8c77e"},
    {file = "hiredis-1.0.0-cp35-cp35m-manylinux1_x86_64.whl", hash = "sha256:c7b0bcaf2353a2ad387dd8b5e1b5f55991adc3a7713ac3345a4ef0de58276690"},
    {file = "hiredis-1.0.0-cp35-cp35m-win32.whl", hash = "sha256:955f12da861f2608c181049f623bbb52851769e10639c4919cc586395b89813f"},
    {file = "hiredis-1.0.0-cp35-cp35m-win_amd64.whl", hash = "sha256:94ab0fa3ac93ab36a5400c474439881d182b43fd38a2766d984470c57931ae88"},
    {file = "hiredis-1.0.0-cp36-cp36m-macosx_10_6_intel.whl", hash = "sha256:09d284619f7142ddd7a4ffa94c12a0445e834737f4ce8739a737f2b1ca0f6142"},
    {file = "hiredis-1.0.0-cp36-cp36m-manylinux1_i686.whl", hash = "sha256:0656658d0448c2c82c4890ae933c2c2e51196101d3d06fc19cc92e062410c2fd"},
    {file = "hiredis-1.0.0-cp36-cp36m-manylinux1_x86_64.whl", hash = "sha256:197febe5e63c77f4ad19b36e15ed33152064dc606c8b7413c7a0ca3fd04672cc"},
    {file = "hiredis-1.0.0-cp36-cp36m-win32.whl", hash = "sha256:cc884ea50185009d794b31314a144110efc76b71beb0a5827a8bff970ae6d248"},
    {file = "hiredis-1.0.0-cp36-cp36m-win_amd64.whl", hash = "sha256:32d5f2c461250f5fc7ccef647682651b1d9f69443f16c213d7fa5e183222b233"},
    {file = "hiredis-1.0.0-cp37-cp37m-macosx_10_6_intel.whl", hash = "sha256:cbe5c0273224babe2ec77058643312d07aa5e8fed08901b3f7bccaa744c5728e"},
    {file = "hiredis-1.0.0-cp37-cp37m-manylinux1_i686.whl", hash = "sha256:bbc3ee8663024c82a1226a0d56ad882f42a2fd8c2999bf52d27bdd25f1320f4b"},
    {file = "hiredis-1.0.0-cp37-cp37m-manylinux1_x86_64.whl", hash = "sha256:c9319a1503efb3b5a4ec13b2f8fae2c23610a645e999cb8954d330f0610b0f6d"},
    {file = "hiredis-1.0.0-cp37-cp37m-win32.whl", hash = "sha256:d2ef58cece6cae4b354411df498350d836f10b814c8a890df0d8079aff30c518"},
    {file = "hiredis-1.0.0-cp37-cp37m-win_amd64.whl", hash = "sha256:d1e2e751327781ad81df5a5a29d7c7b19ee0ebfbeddf037fd8df19ec1c06e18b"},
    {file = "hiredis-1.0.0.tar.gz", hash = "sha256:e97c953f08729900a5e740f1760305434d62db9f281ac351108d6c4b5bf51795"},
]
hpack = [
    {file = "hpack-3.0.0-py2.py3-none-any.whl", hash = "sha256:0edd79eda27a53ba5be2dfabf3b15780928a0dff6eb0c60a3d6767720e970c89"},
    {file = "hpack-3.0.0.tar.gz", hash = "sha256:8eec9c1f4bfae3408a3f30500261f7e6a65912dc138526ea054f9ad98892e9d2"},
]
html5-parser = [
    {file = "html5-parser-0.3.3.tar.gz", hash = "sha256:d62b8525d9ee0d481e0893adca877c73ccf55917aba4f1eb7f46c03e013da538"},
]
httptools = [
    {file = "httptools-0.0.13.tar.gz", hash = "sha256:e00cbd7ba01ff748e494248183abc6e153f49181169d8a3d41bb49132ca01dfc"},
]
hyperframe = [
    {file = "hyperframe-5.2.0-py2.py3-none-any.whl", hash = "sha256:5187962cb16dcc078f23cb5a4b110098d546c3f41ff2d4038a9896893bbd0b40"},
    {file = "hyperframe-5.2.0.tar.gz", hash = "sha256:a9f5c17f2cc3c719b917c4f33ed1c61bd1f8dfac4b1bd23b7c80b3400971b41f"},
]
idna = [
    {file = "idna-2.8-py2.py3-none-any.whl", hash = "sha256:ea8b7f6188e6fa117537c3df7da9fc686d485087abf6ac197f9c46432f7e4a3c"},
    {file = "idna-2.8.tar.gz", hash = "sha256:c357b3f628cf53ae2c4c05627ecc484553142ca23264e593d327bcde5e9c3407"},
]
idna-ssl = [
    {file = "idna-ssl-1.1.0.tar.gz", hash = "sha256:a933e3bb13da54383f9e8f35dc4f9cb9eb9b3b78c6b36f311254d6d0d92c6c7c"},
]
Kyoukai = []
lxml = [
    {file = "lxml-4.9.1-cp27-cp27m-macosx_10_15_x86_64.whl", hash = "sha256:98cafc618614d72b02185ac583c6f7796202062c41d2eeecdf07820bad3295ed"},
    {file = "lxml-4.9.1-cp27-cp27m-manylinux_2_5_i686.manylinux1_i686.whl", hash = "sha256:c62e8dd9754b7debda0c5ba59d34509c4688f853588d75b53c3791983faa96fc"},
    {file = "lxml-4.9.1-cp27-cp27m-manylinux_2_5_x86_64.manylinux1_x86_64.whl", hash = "sha256:21fb3d24ab430fc538a96e9fbb9b150029914805d551deeac7d7822f64631dfc"},
    {file = "lxml-4.9.1-cp27-cp27m-win32.whl", hash = "sha256:86e92728ef3fc842c50a5cb1d5ba2bc66db7da08a7af53fb3da79e202d1b2cd3"},
    {file = "lxml-4.9.1-cp27-cp27m-win_amd64.whl", hash = "sha256:4cfbe42c686f33944e12f45a27d25a492cc0e43e1dc1da5d6a87cbcaf2e95627"},
    {file = "lxml-4.9.1-cp27-cp27mu-manylinux_2_5_i686.manylinux1_i686.whl", hash = "sha256:dad7b164905d3e534883281c050180afcf1e230c3d4a54e8038aa5cfcf312b84"},
    {file = "lxml-4.9.1-cp27-cp27mu-manylinux_2_5_x86_64.manylinux1_x86_64.whl", hash = "sha256:a614e4afed58c14254e67862456d212c4dcceebab2eaa44d627c2ca04bf86837"},
    {file = "lxml-4.9.1-cp310-cp310-manylinux_2_12_i686.manylinux2010_i686.manylinux_2_24_i686.whl", hash = "sha256:f9ced82717c7ec65a67667bb05865ffe38af0e835cdd78728f1209c8fffe0cad"},
    {file = "lxml-4.9.1-cp310-cp310-manylinux_2_17_aarch64.manylinux2014_aarch64.manylinux_2_24_aarch64.whl", hash = "sha256:d9fc0bf3ff86c17348dfc5d322f627d78273eba545db865c3cd14b3f19e57fa5"},
    {file = "lxml-4.9.1-cp310-cp310-manylinux_2_17_x86_64.manylinux2014_x86_64.manylinux_2_24_x86_64.whl", hash = "sha256:e5f66bdf0976ec667fc4594d2812a00b07ed14d1b44259d19a41ae3fff99f2b8"},
    {file = "lxml-4.9.1-cp310-cp310-musllinux_1_1_aarch64.whl", hash = "sha256:fe17d10b97fdf58155f858606bddb4e037b805a60ae023c009f760d8361a4eb8"},
    {file = "lxml-4.9.1-cp310-cp310-musllinux_1_1_x86_64.whl", hash = "sha256:8caf4d16b31961e964c62194ea3e26a0e9561cdf72eecb1781458b67ec83423d"},
    {file = "lxml-4.9.1-cp310-cp310-win32.whl", hash = "sha256:4780677767dd52b99f0af1f123bc2c22873d30b474aa0e2fc3fe5e02217687c7"},
    {file = "lxml-4.9.1-cp310-cp310-win_amd64.whl", hash = "sha256:b122a188cd292c4d2fcd78d04f863b789ef43aa129b233d7c9004de08693728b"},
    {file = "lxml-4.9.1-cp311-cp311-manylinux_2_12_i686.manylinux2010_i686.manylinux_2_24_i686.whl", hash = "sha256:be9eb06489bc975c38706902cbc6888f39e946b81383abc2838d186f0e8b6a9d"},
    {file = "lxml-4.9.1-cp311-cp311-manylinux_2_17_x86_64.manylinux2014_x86_64.manylinux_2_24_x86_64.whl", hash = "sha256:f1be258c4d3dc609e654a1dc59d37b17d7fef05df912c01fc2e15eb43a9735f3"},
    {file = "lxml-4.9.1-cp311-cp311-musllinux_1_1_x86_64.whl", hash = "sha256:927a9dd016d6033bc12e0bf5dee1dde140235fc8d0d51099353c76081c03dc29"},
    {file = "lxml-4.9.1-cp35-cp35m-manylinux_2_5_i686.manylinux1_i686.whl", hash = "sha256:9232b09f5efee6a495a99ae6824881940d6447debe272ea400c02e3b68aad85d"},
    {file = "lxml-4.9.1-cp35-cp35m-manylinux_2_5_x86_64.manylinux1_x86_64.whl", hash = "sha256:04da965dfebb5dac2619cb90fcf93efdb35b3c6994fea58a157a834f2f94b318"},
    {file = "lxml-4.9.1-cp35-cp35m-win32.whl", hash = "sha256:4d5bae0a37af799207140652a700f21a85946f107a199bcb06720b13a4f1f0b7"},
    {file = "lxml-4.9.1-cp35-cp35m-win_amd64.whl", hash = "sha256:4878e667ebabe9b65e785ac8da4d48886fe81193a84bbe49f12acff8f7a383a4"},
    {file = "lxml-4.9.1-cp36-cp36m-macosx_10_15_x86_64.whl", hash = "sha256:1355755b62c28950f9ce123c7a41460ed9743c699905cbe664a5bcc5c9c7c7fb"},
    {file = "lxml-4.9.1-cp36-cp36m-manylinux_2_12_i686.manylinux2010_i686.manylinux_2_24_i686.whl", hash = "sha256:bcaa1c495ce623966d9fc8a187da80082334236a2a1c7e141763ffaf7a405067"},
    {file = "lxml-4.9.1-cp36-cp36m-manylinux_2_17_aarch64.manylinux2014_aarch64.whl", hash = "sha256:6eafc048ea3f1b3c136c71a86db393be36b5b3d9c87b1c25204e7d397cee9536"},
    {file = "lxml-4.9.1-cp36-cp36m-manylinux_2_17_x86_64.manylinux2014_x86_64.manylinux_2_24_x86_64.whl", hash = "sha256:13c90064b224e10c14dcdf8086688d3f0e612db53766e7478d7754703295c7c8"},
    {file = "lxml-4.9.1-cp36-cp36m-manylinux_2_5_i686.manylinux1_i686.whl", hash = "sha256:206a51077773c6c5d2ce1991327cda719063a47adc02bd703c56a662cdb6c58b"},
    {file = "lxml-4.9.1-cp36-cp36m-manylinux_2_5_x86_64.manylinux1_x86_64.whl", hash = "sha256:e8f0c9d65da595cfe91713bc1222af9ecabd37971762cb830dea2fc3b3bb2acf"},
    {file = "lxml-4.9.1-cp36-cp36m-musllinux_1_1_aarch64.whl", hash = "sha256:8f0a4d179c9a941eb80c3a63cdb495e539e064f8054230844dcf2fcb812b71d3"},
    {file = "lxml-4.9.1-cp36-cp36m-musllinux_1_1_x86_64.whl", hash = "sha256:830c88747dce8a3e7525defa68afd742b4580df6aa2fdd6f0855481e3994d391"},
    {file = "lxml-4.9.1-cp36-cp36m-win32.whl", hash = "sha256:1e1cf47774373777936c5aabad489fef7b1c087dcd1f426b621fda9dcc12994e"},
    {file = "lxml-4.9.1-cp36-cp36m-win_amd64.whl", hash = "sha256:5974895115737a74a00b321e339b9c3f45c20275d226398ae79ac008d908bff7"},
    {file = "lxml-4.9.1-cp37-cp37m-macosx_10_15_x86_64.whl", hash = "sha256:1423631e3d51008871299525b541413c9b6c6423593e89f9c4cfbe8460afc0a2"},
    {file = "lxml-4.9.1-cp37-cp37m-manylinux_2_12_i686.manylinux2010_i686.manylinux_2_24_i686.whl", hash = "sha256:2aaf6a0a6465d39b5ca69688fce82d20088c1838534982996ec46633dc7ad6cc"},
    {file = "lxml-4.9.1-cp37-cp37m-manylinux_2_17_aarch64.manylinux2014_aarch64.manylinux_2_24_aarch64.whl", hash = "sha256:9f36de4cd0c262dd9927886cc2305aa3f2210db437aa4fed3fb4940b8bf4592c"},
    {file = "lxml-4.9.1-cp37-cp37m-manylinux_2_17_x86_64.manylinux2014_x86_64.manylinux_2_24_x86_64.whl", hash = "sha256:ae06c1e4bc60ee076292e582a7512f304abdf6c70db59b56745cca1684f875a4"},
    {file = "lxml-4.9.1-cp37-cp37m-manylinux_2_5_i686.manylinux1_i686.whl", hash = "sha256:57e4d637258703d14171b54203fd6822fda218c6c2658a7d30816b10995f29f3"},
    {file = "lxml-4.9.1-cp37-cp37m-manylinux_2_5_x86_64.manylinux1_x86_64.whl", hash = "sha256:6d279033bf614953c3fc4a0aa9ac33a21e8044ca72d4fa8b9273fe75359d5cca"},
    {file = "lxml-4.9.1-cp37-cp37m-musllinux_1_1_aarch64.whl", hash = "sha256:a60f90bba4c37962cbf210f0188ecca87daafdf60271f4c6948606e4dabf8785"},
    {file = "lxml-4.9.1-cp37-cp37m-musllinux_1_1_x86_64.whl", hash = "sha256:6ca2264f341dd81e41f3fffecec6e446aa2121e0b8d026fb5130e02de1402785"},
    {file = "lxml-4.9.1-cp37-cp37m-win32.whl", hash = "sha256:27e590352c76156f50f538dbcebd1925317a0f70540f7dc8c97d2931c595783a"},
    {file = "lxml-4.9.1-cp37-cp37m-win_amd64.whl", hash = "sha256:eea5d6443b093e1545ad0210e6cf27f920482bfcf5c77cdc8596aec73523bb7e"},
    {file = "lxml-4.9.1-cp38-cp38-macosx_10_15_x86_64.whl", hash = "sha256:f05251bbc2145349b8d0b77c0d4e5f3b228418807b1ee27cefb11f69ed3d233b"},
    {file = "lxml-4.9.1-cp38-cp38-manylinux_2_12_i686.manylinux2010_i686.manylinux_2_24_i686.whl", hash = "sha256:487c8e61d7acc50b8be82bda8c8d21d20e133c3cbf41bd8ad7eb1aaeb3f07c97"},
    {file = "lxml-4.9.1-cp38-cp38-manylinux_2_17_aarch64.manylinux2014_aarch64.manylinux_2_24_aarch64.whl", hash = "sha256:8d1a92d8e90b286d491e5626af53afef2ba04da33e82e30744795c71880eaa21"},
    {file = "lxml-4.9.1-cp38-cp38-manylinux_2_17_x86_64.manylinux2014_x86_64.manylinux_2_24_x86_64.whl", hash = "sha256:b570da8cd0012f4af9fa76a5635cd31f707473e65a5a335b186069d5c7121ff2"},
    {file = "lxml-4.9.1-cp38-cp38-manylinux_2_5_i686.manylinux1_i686.whl", hash = "sha256:5ef87fca280fb15342726bd5f980f6faf8b84a5287fcc2d4962ea8af88b35130"},
    {file = "lxml-4.9.1-cp38-cp38-manylinux_2_5_x86_64.manylinux1_x86_64.whl", hash = "sha256:93e414e3206779ef41e5ff2448067213febf260ba747fc65389a3ddaa3fb8715"},
    {file = "lxml-4.9.1-cp38-cp38-musllinux_1_1_aarch64.whl", hash = "sha256:6653071f4f9bac46fbc30f3c7838b0e9063ee335908c5d61fb7a4a86c8fd2036"},
    {file = "lxml-4.9.1-cp38-cp38-musllinux_1_1_x86_64.whl", hash = "sha256:32a73c53783becdb7eaf75a2a1525ea8e49379fb7248c3eeefb9412123536387"},
    {file = "lxml-4.9.1-cp38-cp38-win32.whl", hash = "sha256:1a7c59c6ffd6ef5db362b798f350e24ab2cfa5700d53ac6681918f314a4d3b94"},
    {file = "lxml-4.9.1-cp38-cp38-win_amd64.whl", hash = "sha256:1436cf0063bba7888e43f1ba8d58824f085410ea2025befe81150aceb123e345"},
    {file = "lxml-4.9.1-cp39-cp39-macosx_10_15_x86_64.whl", hash = "sha256:4beea0f31491bc086991b97517b9683e5cfb369205dac0148ef685ac12a20a67"},
    {file = "lxml-4.9.1-cp39-cp39-manylinux_2_12_i686.manylinux2010_i686.manylinux_2_24_i686.whl", hash = "sha256:41fb58868b816c202e8881fd0f179a4644ce6e7cbbb248ef0283a34b73ec73bb"},
    {file = "lxml-4.9.1-cp39-cp39-manylinux_2_17_aarch64.manylinux2014_aarch64.manylinux_2_24_aarch64.whl", hash = "sha256:bd34f6d1810d9354dc7e35158aa6cc33456be7706df4420819af6ed966e85448"},
    {file = "lxml-4.9.1-cp39-cp39-manylinux_2_17_x86_64.manylinux2014_x86_64.manylinux_2_24_x86_64.whl", hash = "sha256:edffbe3c510d8f4bf8640e02ca019e48a9b72357318383ca60e3330c23aaffc7"},
    {file = "lxml-4.9.1-cp39-cp39-manylinux_2_5_i686.manylinux1_i686.whl", hash = "sha256:6d949f53ad4fc7cf02c44d6678e7ff05ec5f5552b235b9e136bd52e9bf730b91"},
    {file = "lxml-4.9.1-cp39-cp39-manylinux_2_5_x86_64.manylinux1_x86_64.whl", hash = "sha256:079b68f197c796e42aa80b1f739f058dcee796dc725cc9a1be0cdb08fc45b000"},
    {file = "lxml-4.9.1-cp39-cp39-musllinux_1_1_aarch64.whl", hash = "sha256:9c3a88d20e4fe4a2a4a84bf439a5ac9c9aba400b85244c63a1ab7088f85d9d25"},
    {file = "lxml-4.9.1-cp39-cp39-musllinux_1_1_x86_64.whl", hash = "sha256:4e285b5f2bf321fc0857b491b5028c5f276ec0c873b985d58d7748ece1d770dd"},
    {file = "lxml-4.9.1-cp39-cp39-win32.whl", hash = "sha256:ef72013e20dd5ba86a8ae1aed7f56f31d3374189aa8b433e7b12ad182c0d2dfb"},
    {file = "lxml-4.9.1-cp39-cp39-win_amd64.whl", hash = "sha256:10d2017f9150248563bb579cd0d07c61c58da85c922b780060dcc9a3aa9f432d"},
    {file = "lxml-4.9.1-pp37-pypy37_pp73-macosx_10_15_x86_64.whl", hash = "sha256:0538747a9d7827ce3e16a8fdd201a99e661c7dee3c96c885d8ecba3c35d1032c"},
    {file = "lxml-4.9.1-pp37-pypy37_pp73-manylinux_2_12_i686.manylinux2010_i686.manylinux_2_24_i686.whl", hash = "sha256:0645e934e940107e2fdbe7c5b6fb8ec6232444260752598bc4d09511bd056c0b"},
    {file = "lxml-4.9.1-pp37-pypy37_pp73-manylinux_2_17_x86_64.manylinux2014_x86_64.manylinux_2_24_x86_64.whl", hash = "sha256:6daa662aba22ef3258934105be2dd9afa5bb45748f4f702a3b39a5bf53a1f4dc"},
    {file = "lxml-4.9.1-pp38-pypy38_pp73-macosx_10_15_x86_64.whl", hash = "sha256:603a464c2e67d8a546ddaa206d98e3246e5db05594b97db844c2f0a1af37cf5b"},
    {file = "lxml-4.9.1-pp38-pypy38_pp73-manylinux_2_12_i686.manylinux2010_i686.manylinux_2_24_i686.whl", hash = "sha256:c4b2e0559b68455c085fb0f6178e9752c4be3bba104d6e881eb5573b399d1eb2"},
    {file = "lxml-4.9.1-pp38-pypy38_pp73-manylinux_2_17_x86_64.manylinux2014_x86_64.manylinux_2_24_x86_64.whl", hash = "sha256:0f3f0059891d3254c7b5fb935330d6db38d6519ecd238ca4fce93c234b4a0f73"},
    {file = "lxml-4.9.1-pp39-pypy39_pp73-manylinux_2_12_i686.manylinux2010_i686.manylinux_2_24_i686.whl", hash = "sha256:c852b1530083a620cb0de5f3cd6826f19862bafeaf77586f1aef326e49d95f0c"},
    {file = "lxml-4.9.1-pp39-pypy39_pp73-manylinux_2_17_x86_64.manylinux2014_x86_64.manylinux_2_24_x86_64.whl", hash = "sha256:287605bede6bd36e930577c5925fcea17cb30453d96a7b4c63c14a257118dbb9"},
    {file = "lxml-4.9.1.tar.gz", hash = "sha256:fe749b052bb7233fe5d072fcb549221a8cb1a16725c47c37e42b0b9cb3ff2c3f"},
]
multidict = [
    {file = "multidict-4.5.2-cp34-cp34m-macosx_10_12_intel.macosx_10_12_x86_64.macosx_10_13_intel.macosx_10_13_x86_64.whl", hash = "sha256:068167c2d7bbeebd359665ac4fff756be5ffac9cda02375b5c5a7c4777038e73"},
    {file = "multidict-4.5.2-cp34-cp34m-macosx_10_6_intel.macosx_10_6_x86_64.macosx_10_7_intel.macosx_10_7_x86_64.macosx_10_8_intel.macosx_10_8_x86_64.whl", hash = "sha256:7c1b7eab7a49aa96f3db1f716f0113a8a2e93c7375dd3d5d21c4941f1405c9c5"},
    {file = "multidict-4.5.2-cp34-cp34m-macosx_10_9_intel.macosx_10_9_x86_64.macosx_10_10_intel.macosx_10_10_x86_64.macosx_10_11_intel.macosx_10_11_x86_64.whl", hash = "sha256:8ccd1c5fff1aa1427100ce188557fc31f1e0a383ad8ec42c559aabd4ff08802d"},
    {file = "multidict-4.5.2-cp34-cp34m-manylinux1_i686.whl", hash = "sha256:6a3a9b0f45fd75dc05d8e93dc21b18fc1670135ec9544d1ad4acbcf6b86781d0"},
    {file = "multidict-4.5.2-cp34-cp34m-manylinux1_x86_64.whl", hash = "sha256:31dfa2fc323097f8ad7acd41aa38d7c614dd1960ac6681745b6da124093dc351"},
    {file = "multidict-4.5.2-cp34-cp34m-win32.whl", hash = "sha256:8e08dd76de80539d613654915a2f5196dbccc67448df291e69a88712ea21e24a"},
    {file = "multidict-4.5.2-cp34-cp34m-win_amd64.whl", hash = "sha256:d1071414dd06ca2eafa90c85a079169bfeb0e5f57fd0b45d44c092546fcd6fd9"},
    {file = "multidict-4.5.2-cp35-cp35m-macosx_10_12_intel.macosx_10_12_x86_64.macosx_10_13_intel.macosx_10_13_x86_64.whl", hash = "sha256:1d1c77013a259971a72ddaa83b9f42c80a93ff12df6a4723be99d858fa30bee3"},
    {file = "multidict-4.5.2-cp35-cp35m-macosx_10_6_intel.macosx_10_6_x86_64.macosx_10_7_intel.macosx_10_7_x86_64.macosx_10_8_intel.macosx_10_8_x86_64.whl", hash = "sha256:3d5dd8e5998fb4ace04789d1d008e2bb532de501218519d70bb672c4c5a2fc5d"},
    {file = "multidict-4.5.2-cp35-cp35m-macosx_10_9_intel.macosx_10_9_x86_64.macosx_10_10_intel.macosx_10_10_x86_64.macosx_10_11_intel.macosx_10_11_x86_64.whl", hash = "sha256:7fc0eee3046041387cbace9314926aa48b681202f8897f8bff3809967a049036"},
    {file = "multidict-4.5.2-cp35-cp35m-manylinux1_i686.whl", hash = "sha256:041e9442b11409be5e4fc8b6a97e4bcead758ab1e11768d1e69160bdde18acc3"},
    {file = "multidict-4.5.2-cp35-cp35m-manylinux1_x86_64.whl", hash = "sha256:c49db89d602c24928e68c0d510f4fcf8989d77defd01c973d6cbe27e684833b1"},
    {file = "multidict-4.5.2-cp35-cp35m-win32.whl", hash = "sha256:34f82db7f80c49f38b032c5abb605c458bac997a6c3142e0d6c130be6fb2b941"},
    {file = "multidict-4.5.2-cp35-cp35m-win_amd64.whl", hash = "sha256:5de53a28f40ef3c4fd57aeab6b590c2c663de87a5af76136ced519923d3efbb3"},
    {file = "multidict-4.5.2-cp36-cp36m-macosx_10_12_intel.macosx_10_12_x86_64.macosx_10_13_intel.macosx_10_13_x86_64.whl", hash = "sha256:db603a1c235d110c860d5f39988ebc8218ee028f07a7cbc056ba6424372ca31b"},
    {file = "multidict-4.5.2-cp36-cp36m-macosx_10_6_intel.macosx_10_6_x86_64.macosx_10_7_intel.macosx_10_7_x86_64.macosx_10_8_intel.macosx_10_8_x86_64.whl", hash = "sha256:ce20044d0317649ddbb4e54dab3c1bcc7483c78c27d3f58ab3d0c7e6bc60d26a"},
    {file = "multidict-4.5.2-cp36-cp36m-macosx_10_9_intel.macosx_10_9_x86_64.macosx_10_10_intel.macosx_10_10_x86_64.macosx_10_11_intel.macosx_10_11_x86_64.whl", hash = "sha256:4b843f8e1dd6a3195679d9838eb4670222e8b8d01bc36c9894d6c3538316fa0a"},
    {file = "multidict-4.5.2-cp36-cp36m-manylinux1_i686.whl", hash = "sha256:047c0a04e382ef8bd74b0de01407e8d8632d7d1b4db6f2561106af812a68741b"},
    {file = "multidict-4.5.2-cp36-cp36m-manylinux1_x86_64.whl", hash = "sha256:148ff60e0fffa2f5fad2eb25aae7bef23d8f3b8bdaf947a65cdbe84a978092bc"},
    {file = "multidict-4.5.2-cp36-cp36m-win32.whl", hash = "sha256:4b02a3b2a2f01d0490dd39321c74273fed0568568ea0e7ea23e02bd1fb10a10b"},
    {file = "multidict-4.5.2-cp36-cp36m-win_amd64.whl", hash = "sha256:d3be11ac43ab1a3e979dac80843b42226d5d3cccd3986f2e03152720a4297cd7"},
    {file = "multidict-4.5.2-cp37-cp37m-macosx_10_12_intel.macosx_10_12_x86_64.macosx_10_13_intel.macosx_10_13_x86_64.whl", hash = "sha256:1d48bc124a6b7a55006d97917f695effa9725d05abe8ee78fd60d6588b8344cd"},
    {file = "multidict-4.5.2-cp37-cp37m-macosx_10_6_intel.macosx_10_6_x86_64.macosx_10_7_intel.macosx_10_7_x86_64.macosx_10_8_intel.macosx_10_8_x86_64.whl", hash = "sha256:61b2b33ede821b94fa99ce0b09c9ece049c7067a33b279f343adfe35108a4ea7"},
    {file = "multidict-4.5.2-cp37-cp37m-macosx_10_9_intel.macosx_10_9_x86_64.macosx_10_10_intel.macosx_10_10_x86_64.macosx_10_11_intel.macosx_10_11_x86_64.whl", hash = "sha256:76ad8e4c69dadbb31bad17c16baee61c0d1a4a73bed2590b741b2e1a46d3edd0"},
    {file = "multidict-4.5.2-cp37-cp37m-manylinux1_i686.whl", hash = "sha256:7ba19b777dc00194d1b473180d4ca89a054dd18de27d0ee2e42a103ec9b7d014"},
    {file = "multidict-4.5.2-cp37-cp37m-manylinux1_x86_64.whl", hash = "sha256:c18498c50c59263841862ea0501da9f2b3659c00db54abfbf823a80787fde8ce"},
    {file = "multidict-4.5.2-cp37-cp37m-win32.whl", hash = "sha256:045b4dd0e5f6121e6f314d81759abd2c257db4634260abcfe0d3f7083c4908ef"},
    {file = "multidict-4.5.2-cp37-cp37m-win_amd64.whl", hash = "sha256:4a6ae52bd3ee41ee0f3acf4c60ceb3f44e0e3bc52ab7da1c2b2aa6703363a3d1"},
    {file = "multidict-4.5.2.tar.gz", hash = "sha256:024b8129695a952ebd93373e45b5d341dbb87c17ce49637b34000093f243dd4f"},
]
"ruamel.yaml" = [
    {file = "ruamel.yaml-0.16.5-py2.py3-none-any.whl", hash = "sha256:0db639b1b2742dae666c6fc009b8d1931ef15c9276ef31c0673cc6dcf766cf40"},
    {file = "ruamel.yaml-0.16.5.tar.gz", hash = "sha256:412a6f5cfdc0525dee6a27c08f5415c7fd832a7afcb7a0ed7319628aed23d408"},
]
"ruamel.yaml.clib" = [
    {file = "ruamel.yaml.clib-0.1.2-cp27-cp27m-macosx_10_9_x86_64.whl", hash = "sha256:0bbe19d3e099f8ba384e1846e6b54f245f58aeec8700edbbf9abb87afa54fd82"},
    {file = "ruamel.yaml.clib-0.1.2-cp27-cp27m-manylinux1_x86_64.whl", hash = "sha256:c747acdb5e8c242ab2280df6f0c239e62838af4bee647031d96b3db2f9cefc04"},
    {file = "ruamel.yaml.clib-0.1.2-cp27-cp27m-win32.whl", hash = "sha256:44449b3764a3f75815eea8ae5930b98e8326be64a90b0f782747318f861abfe0"},
    {file = "ruamel.yaml.clib-0.1.2-cp27-cp27m-win_amd64.whl", hash = "sha256:ef8d4522d231cb9b29f6cdd0edc8faac9d9715c60dc7becbd6eb82c915a98e5b"},
    {file = "ruamel.yaml.clib-0.1.2-cp27-cp27mu-manylinux1_x86_64.whl", hash = "sha256:f504d45230cc9abf2810623b924ae048b224a90adb01f97db4e766cfdda8e6eb"},
    {file = "ruamel.yaml.clib-0.1.2-cp35-cp35m-macosx_10_6_intel.whl", hash = "sha256:68fbc3b5d94d145a391452f886ae5fca240cb7e3ab6bd66e1a721507cdaac28a"},
    {file = "ruamel.yaml.clib-0.1.2-cp35-cp35m-manylinux1_x86_64.whl", hash = "sha256:2f38024592613f3a8772bbc2904be027d9abf463518ba145f2d0c8e6da27009f"},
    {file = "ruamel.yaml.clib-0.1.2-cp35-cp35m-win32.whl", hash = "sha256:5a089acb6833ed5f412e24cbe3e665683064c1429824d2819137b5ade54435c3"},
    {file = "ruamel.yaml.clib-0.1.2-cp35-cp35m-win_amd64.whl", hash = "sha256:eee7ecd2eee648884fae6c51ae50c814acdcc5d6340dc96c970158aebcd25ac6"},
    {file = "ruamel.yaml.clib-0.1.2-cp36-cp36m-macosx_10_9_x86_64.whl", hash = "sha256:6143386ddd61599ea081c012a69a16e5bdd7b3c6c231bd039534365a48940f30"},
    {file = "ruamel.yaml.clib-0.1.2-cp36-cp36m-manylinux1_x86_64.whl", hash = "sha256:75ebddf99ba9e0b48f32b5bdcf9e5a2b84c017da9e0db7bf11995fa414aa09cd"},
    {file = "ruamel.yaml.clib-0.1.2-cp36-cp36m-win32.whl", hash = "sha256:6726aaf851f5f9e4cbdd3e1e414bc700bdd39220e8bc386415fd41c87b1b53c2"},
    {file = "ruamel.yaml.clib-0.1.2-cp36-cp36m-win_amd64.whl", hash = "sha256:e59af39e895aff28ee5f55515983cab3466d1a029c91c04db29da1c0f09cf333"},
    {file = "ruamel.yaml.clib-0.1.2-cp37-cp37m-macosx_10_9_x86_64.whl", hash = "sha256:5710be9a357801c31c1eaa37b9bc92d38176d785af5b2f0c9751385c5dc9659a"},
    {file = "ruamel.yaml.clib-0.1.2-cp37-cp37m-manylinux1_x86_64.whl", hash = "sha256:cadc8eecd27414dca30366b2535cb5e3f3b47b4e2d6be7a0b13e4e52e459ff9f"},
    {file = "ruamel.yaml.clib-0.1.2-cp37-cp37m-win32.whl", hash = "sha256:79948a6712baa686773a43906728e20932c923f7b2a91be7347993be2d745e55"},
    {file = "ruamel.yaml.clib-0.1.2-cp37-cp37m-win_amd64.whl", hash = "sha256:8a2dd8e8b08d369558cade05731172c4b5e2f4c5097762c6b352bd28fd9f9dc4"},
    {file = "ruamel.yaml.clib-0.1.2.tar.gz", hash = "sha256:cee86ecc893a6a8ecaa7c6a9c2d06f75f614176210d78a5f155f8e78d6989509"},
]
toml = [
    {file = "toml-0.10.0-py2.7.egg", hash = "sha256:f1db651f9657708513243e61e6cc67d101a39bad662eaa9b5546f789338e07a3"},
    {file = "toml-0.10.0-py2.py3-none-any.whl", hash = "sha256:235682dd292d5899d361a811df37e04a8828a5b1da3115886b73cf81ebc9100e"},
    {file = "toml-0.10.0.tar.gz", hash = "sha256:229f81c57791a41d65e399fc06bf0848bab550a9dfd5ed66df18ce5f05e73d5c"},
]
typeguard = [
    {file = "typeguard-2.4.1-py3-none-any.whl", hash = "sha256:e2817f4ced1faff840b323793843ffa5da187b5bcc621e1bd99135c1af7f78b5"},
    {file = "typeguard-2.4.1.tar.gz", hash = "sha256:c708834c5b6ca8e2ff333d0519d37f64ae482d728c419737144e2f89c389ab99"},
]
typing = [
    {file = "typing-3.7.4.1-py2-none-any.whl", hash = "sha256:c8cabb5ab8945cd2f54917be357d134db9cc1eb039e59d1606dc1e60cb1d9d36"},
    {file = "typing-3.7.4.1-py3-none-any.whl", hash = "sha256:f38d83c5a7a7086543a0f649564d661859c5146a85775ab90c0d2f93ffaa9714"},
    {file = "typing-3.7.4.1.tar.gz", hash = "sha256:91dfe6f3f706ee8cc32d38edbbf304e9b7583fb37108fef38229617f8b3eba23"},
]
typing-extensions = [
    {file = "typing_extensions-3.7.4-py2-none-any.whl", hash = "sha256:b1edbbf0652660e32ae780ac9433f4231e7339c7f9a8057d0f042fcbcea49b87"},
    {file = "typing_extensions-3.7.4-py3-none-any.whl", hash = "sha256:d8179012ec2c620d3791ca6fe2bf7979d979acdbef1fca0bc56b37411db682ed"},
    {file = "typing_extensions-3.7.4.tar.gz", hash = "sha256:2ed632b30bb54fc3941c382decfd0ee4148f5c591651c9272473fea2c6397d95"},
]
unidecode = [
    {file = "Unidecode-0.04.19.tar.gz", hash = "sha256:51477646a9169469e37e791b13ae65fcc75b7f7f570d0d3e514d077805c02e1e"},
]
uvloop = [
    {file = "uvloop-0.9.1-cp35-cp35m-macosx_10_11_x86_64.whl", hash = "sha256:01cf7199728867f406ba5af78cc47c80acd663ccc52cae105e737a997f1b2bca"},
    {file = "uvloop-0.9.1-cp35-cp35m-manylinux1_i686.whl", hash = "sha256:e7c871ba3edd5fcf2afb756de88a9a65245070161e24f75abe79c0a241bb8c76"},
    {file = "uvloop-0.9.1-cp35-cp35m-manylinux1_x86_64.whl", hash = "sha256:b057ef2b0d0162c1ef257f43a95f59bfec37ee9a75cc5412d6b7f9ac6d1d69cb"},
    {file = "uvloop-0.9.1-cp36-cp36m-macosx_10_11_x86_64.whl", hash = "sha256:89c3bfaad77625490c42a6b99af1879234767ab0c31dd193486a909506e5e549"},
    {file = "uvloop-0.9.1-cp36-cp36m-manylinux1_i686.whl", hash = "sha256:68574150720a380509a3409bf2941be0199cfdacff144a97502fb29c250ba927"},
    {file = "uvloop-0.9.1-cp36-cp36m-manylinux1_x86_64.whl", hash = "sha256:7fba5f390db607b2f026bc598df6b2a2a9e062bffe82910b5ffe2b88560135e5"},
    {file = "uvloop-0.9.1.tar.gz", hash = "sha256:7ee14835a75c72227d3f8a3f370519a3106a6f02e5453f275f16437ebdb92953"},
]
werkzeug = [
    {file = "Werkzeug-0.12.2-py2.py3-none-any.whl", hash = "sha256:e8549c143af3ce6559699a01e26fa4174f4c591dbee0a499f3cd4c3781cdec3d"},
    {file = "Werkzeug-0.12.2.tar.gz", hash = "sha256:903a7b87b74635244548b30d30db4c8947fe64c5198f58899ddcd3a13c23bb26"},
]
yarl = [
    {file = "yarl-1.1.1-cp34-cp34m-manylinux1_i686.whl", hash = "sha256:d9ca55a5a297408f08e5401c23ad22bd9f580dab899212f0d5dc1830f0909404"},
    {file = "yarl-1.1.1-cp34-cp34m-manylinux1_x86_64.whl", hash = "sha256:17e57a495efea42bcfca08b49e16c6d89e003acd54c99c903ea1cb3de0ba1248"},
    {file = "yarl-1.1.1-cp34-cp34m-win32.whl", hash = "sha256:3353fae45d93cc3e7e41bfcb1b633acc37db821d368e660b03068dbfcf68f8c8"},
    {file = "yarl-1.1.1-cp34-cp34m-win_amd64.whl", hash = "sha256:51a084ff8756811101f8b5031a14d1c2dd26c666976e1b18579c6b1c8761a102"},
    {file = "yarl-1.1.1-cp35-cp35m-manylinux1_i686.whl", hash = "sha256:045dbba18c9142278113d5dc62622978a6f718ba662392d406141c59b540c514"},
    {file = "yarl-1.1.1-cp35-cp35m-manylinux1_x86_64.whl", hash = "sha256:213e8f54b4a942532d6ac32314c69a147d3b82fa1725ca05061b7c1a19a1d9b1"},
    {file = "yarl-1.1.1-cp35-cp35m-win32.whl", hash = "sha256:7236eba4911a5556b497235828e7a4bc5d90957efa63b7c4b3e744d2d2cf1b94"},
    {file = "yarl-1.1.1-cp35-cp35m-win_amd64.whl", hash = "sha256:e9a6a319c4bbfb57618f207e86a7c519ab0f637be3d2366e4cdac271577834b8"},
    {file = "yarl-1.1.1-cp36-cp36m-manylinux1_i686.whl", hash = "sha256:6e75753065c310befab71c5077a59b7cb638d2146b1cfbb1c3b8f08b51362714"},
    {file = "yarl-1.1.1-cp36-cp36m-manylinux1_x86_64.whl", hash = "sha256:64727a2593fdba5d6ef69e94eba793a196deeda7152c7bd3a64edda6b1f95f6e"},
    {file = "yarl-1.1.1-cp36-cp36m-win32.whl", hash = "sha256:5580f22ac1298261cd24e8e584180d83e2cca9a6167113466d2d16cb2aa1f7b1"},
    {file = "yarl-1.1.1-cp36-cp36m-win_amd64.whl", hash = "sha256:e072edbd1c5628c0b8f97d00cf6c9fcd6a4ee2b5ded10d463fcb6eaa066cf40c"},
    {file = "yarl-1.1.1.tar.gz", hash = "sha256:a69dd7e262cdb265ac7d5e929d55f2f3d07baaadd158c8f19caebf8dde08dfe8"},
]
